// !$*UTF8*$!
{
	archiveVersion = 1;
	classes = {
	};
	objectVersion = 55;
	objects = {

/* Begin PBXBuildFile section */
		97A7CF10284D407100FA6E78 /* AppDelegate.swift in Sources */ = {isa = PBXBuildFile; fileRef = 97A7CF0F284D407100FA6E78 /* AppDelegate.swift */; };
		97A7CF12284D407100FA6E78 /* SceneDelegate.swift in Sources */ = {isa = PBXBuildFile; fileRef = 97A7CF11284D407100FA6E78 /* SceneDelegate.swift */; };
		97A7CF14284D407100FA6E78 /* ViewController.swift in Sources */ = {isa = PBXBuildFile; fileRef = 97A7CF13284D407100FA6E78 /* ViewController.swift */; };
		97A7CF17284D407100FA6E78 /* Main.storyboard in Resources */ = {isa = PBXBuildFile; fileRef = 97A7CF15284D407100FA6E78 /* Main.storyboard */; };
		97A7CF19284D407300FA6E78 /* Assets.xcassets in Resources */ = {isa = PBXBuildFile; fileRef = 97A7CF18284D407300FA6E78 /* Assets.xcassets */; };
		97A7CF1C284D407300FA6E78 /* LaunchScreen.storyboard in Resources */ = {isa = PBXBuildFile; fileRef = 97A7CF1A284D407300FA6E78 /* LaunchScreen.storyboard */; };
		AFBDBD7998C081262A00A3E6 /* Pods_ExampleMVVMRxSwift.framework in Frameworks */ = {isa = PBXBuildFile; fileRef = 7483A15FB506C922F3B6403C /* Pods_ExampleMVVMRxSwift.framework */; };
/* End PBXBuildFile section */

/* Begin PBXFileReference section */
		0835D18C8B0A909F6E0D82E4 /* Pods-ExampleMVVMRxSwift.release.xcconfig */ = {isa = PBXFileReference; includeInIndex = 1; lastKnownFileType = text.xcconfig; name = "Pods-ExampleMVVMRxSwift.release.xcconfig"; path = "Target Support Files/Pods-ExampleMVVMRxSwift/Pods-ExampleMVVMRxSwift.release.xcconfig"; sourceTree = "<group>"; };
		7483A15FB506C922F3B6403C /* Pods_ExampleMVVMRxSwift.framework */ = {isa = PBXFileReference; explicitFileType = wrapper.framework; includeInIndex = 0; path = Pods_ExampleMVVMRxSwift.framework; sourceTree = BUILT_PRODUCTS_DIR; };
		90D73059DC77C14AAAC49692 /* Pods-ExampleMVVMRxSwift.debug.xcconfig */ = {isa = PBXFileReference; includeInIndex = 1; lastKnownFileType = text.xcconfig; name = "Pods-ExampleMVVMRxSwift.debug.xcconfig"; path = "Target Support Files/Pods-ExampleMVVMRxSwift/Pods-ExampleMVVMRxSwift.debug.xcconfig"; sourceTree = "<group>"; };
		97A7CF0C284D407100FA6E78 /* ExampleMVVMRxSwift.app */ = {isa = PBXFileReference; explicitFileType = wrapper.application; includeInIndex = 0; path = ExampleMVVMRxSwift.app; sourceTree = BUILT_PRODUCTS_DIR; };
		97A7CF0F284D407100FA6E78 /* AppDelegate.swift */ = {isa = PBXFileReference; lastKnownFileType = sourcecode.swift; path = AppDelegate.swift; sourceTree = "<group>"; };
		97A7CF11284D407100FA6E78 /* SceneDelegate.swift */ = {isa = PBXFileReference; lastKnownFileType = sourcecode.swift; path = SceneDelegate.swift; sourceTree = "<group>"; };
		97A7CF13284D407100FA6E78 /* ViewController.swift */ = {isa = PBXFileReference; lastKnownFileType = sourcecode.swift; path = ViewController.swift; sourceTree = "<group>"; };
		97A7CF16284D407100FA6E78 /* Base */ = {isa = PBXFileReference; lastKnownFileType = file.storyboard; name = Base; path = Base.lproj/Main.storyboard; sourceTree = "<group>"; };
		97A7CF18284D407300FA6E78 /* Assets.xcassets */ = {isa = PBXFileReference; lastKnownFileType = folder.assetcatalog; path = Assets.xcassets; sourceTree = "<group>"; };
		97A7CF1B284D407300FA6E78 /* Base */ = {isa = PBXFileReference; lastKnownFileType = file.storyboard; name = Base; path = Base.lproj/LaunchScreen.storyboard; sourceTree = "<group>"; };
		97A7CF1D284D407300FA6E78 /* Info.plist */ = {isa = PBXFileReference; lastKnownFileType = text.plist.xml; path = Info.plist; sourceTree = "<group>"; };
/* End PBXFileReference section */

/* Begin PBXFrameworksBuildPhase section */
		97A7CF09284D407100FA6E78 /* Frameworks */ = {
			isa = PBXFrameworksBuildPhase;
			buildActionMask = 2147483647;
			files = (
				AFBDBD7998C081262A00A3E6 /* Pods_ExampleMVVMRxSwift.framework in Frameworks */,
			);
			runOnlyForDeploymentPostprocessing = 0;
		};
/* End PBXFrameworksBuildPhase section */

/* Begin PBXGroup section */
		640BD2D1F23A140089E159E6 /* Frameworks */ = {
			isa = PBXGroup;
			children = (
				7483A15FB506C922F3B6403C /* Pods_ExampleMVVMRxSwift.framework */,
			);
			name = Frameworks;
			sourceTree = "<group>";
		};
		847AB28CB1AD63B62A6F4A6C /* Pods */ = {
			isa = PBXGroup;
			children = (
				90D73059DC77C14AAAC49692 /* Pods-ExampleMVVMRxSwift.debug.xcconfig */,
				0835D18C8B0A909F6E0D82E4 /* Pods-ExampleMVVMRxSwift.release.xcconfig */,
			);
			name = Pods;
			path = Pods;
			sourceTree = "<group>";
		};
		97A7CF03284D407100FA6E78 = {
			isa = PBXGroup;
			children = (
				97A7CF0E284D407100FA6E78 /* ExampleMVVMRxSwift */,
				97A7CF0D284D407100FA6E78 /* Products */,
				847AB28CB1AD63B62A6F4A6C /* Pods */,
				640BD2D1F23A140089E159E6 /* Frameworks */,
			);
			sourceTree = "<group>";
		};
		97A7CF0D284D407100FA6E78 /* Products */ = {
			isa = PBXGroup;
			children = (
				97A7CF0C284D407100FA6E78 /* ExampleMVVMRxSwift.app */,
			);
			name = Products;
			sourceTree = "<group>";
		};
		97A7CF0E284D407100FA6E78 /* ExampleMVVMRxSwift */ = {
			isa = PBXGroup;
			children = (
				97A7CF0F284D407100FA6E78 /* AppDelegate.swift */,
				97A7CF11284D407100FA6E78 /* SceneDelegate.swift */,
				97A7CF13284D407100FA6E78 /* ViewController.swift */,
				97A7CF15284D407100FA6E78 /* Main.storyboard */,
				97A7CF18284D407300FA6E78 /* Assets.xcassets */,
				97A7CF1A284D407300FA6E78 /* LaunchScreen.storyboard */,
				97A7CF1D284D407300FA6E78 /* Info.plist */,
			);
			path = ExampleMVVMRxSwift;
			sourceTree = "<group>";
		};
/* End PBXGroup section */

/* Begin PBXNativeTarget section */
		97A7CF0B284D407100FA6E78 /* ExampleMVVMRxSwift */ = {
			isa = PBXNativeTarget;
			buildConfigurationList = 97A7CF20284D407300FA6E78 /* Build configuration list for PBXNativeTarget "ExampleMVVMRxSwift" */;
			buildPhases = (
				165290F29C1B6BC83F55911F /* [CP] Check Pods Manifest.lock */,
				97A7CF08284D407100FA6E78 /* Sources */,
				97A7CF09284D407100FA6E78 /* Frameworks */,
				97A7CF0A284D407100FA6E78 /* Resources */,
				02095C2541B6FE415DDE539D /* [CP] Embed Pods Frameworks */,
			);
			buildRules = (
			);
			dependencies = (
			);
			name = ExampleMVVMRxSwift;
			productName = ExampleMVVMRxSwift;
			productReference = 97A7CF0C284D407100FA6E78 /* ExampleMVVMRxSwift.app */;
			productType = "com.apple.product-type.application";
		};
/* End PBXNativeTarget section */

/* Begin PBXProject section */
		97A7CF04284D407100FA6E78 /* Project object */ = {
			isa = PBXProject;
			attributes = {
				BuildIndependentTargetsInParallel = 1;
				LastSwiftUpdateCheck = 1330;
				LastUpgradeCheck = 1330;
				TargetAttributes = {
					97A7CF0B284D407100FA6E78 = {
						CreatedOnToolsVersion = 13.3.1;
					};
				};
			};
			buildConfigurationList = 97A7CF07284D407100FA6E78 /* Build configuration list for PBXProject "ExampleMVVMRxSwift" */;
			compatibilityVersion = "Xcode 13.0";
			developmentRegion = en;
			hasScannedForEncodings = 0;
			knownRegions = (
				en,
				Base,
			);
			mainGroup = 97A7CF03284D407100FA6E78;
			productRefGroup = 97A7CF0D284D407100FA6E78 /* Products */;
			projectDirPath = "";
			projectRoot = "";
			targets = (
				97A7CF0B284D407100FA6E78 /* ExampleMVVMRxSwift */,
			);
		};
/* End PBXProject section */

/* Begin PBXResourcesBuildPhase section */
		97A7CF0A284D407100FA6E78 /* Resources */ = {
			isa = PBXResourcesBuildPhase;
			buildActionMask = 2147483647;
			files = (
				97A7CF1C284D407300FA6E78 /* LaunchScreen.storyboard in Resources */,
				97A7CF19284D407300FA6E78 /* Assets.xcassets in Resources */,
				97A7CF17284D407100FA6E78 /* Main.storyboard in Resources */,
			);
			runOnlyForDeploymentPostprocessing = 0;
		};
/* End PBXResourcesBuildPhase section */

/* Begin PBXShellScriptBuildPhase section */
		02095C2541B6FE415DDE539D /* [CP] Embed Pods Frameworks */ = {
			isa = PBXShellScriptBuildPhase;
			buildActionMask = 2147483647;
			files = (
			);
			inputFileListPaths = (
				"${PODS_ROOT}/Target Support Files/Pods-ExampleMVVMRxSwift/Pods-ExampleMVVMRxSwift-frameworks-${CONFIGURATION}-input-files.xcfilelist",
			);
			name = "[CP] Embed Pods Frameworks";
			outputFileListPaths = (
				"${PODS_ROOT}/Target Support Files/Pods-ExampleMVVMRxSwift/Pods-ExampleMVVMRxSwift-frameworks-${CONFIGURATION}-output-files.xcfilelist",
			);
			runOnlyForDeploymentPostprocessing = 0;
			shellPath = /bin/sh;
			shellScript = "\"${PODS_ROOT}/Target Support Files/Pods-ExampleMVVMRxSwift/Pods-ExampleMVVMRxSwift-frameworks.sh\"\n";
			showEnvVarsInLog = 0;
		};
		165290F29C1B6BC83F55911F /* [CP] Check Pods Manifest.lock */ = {
			isa = PBXShellScriptBuildPhase;
			buildActionMask = 2147483647;
			files = (
			);
			inputFileListPaths = (
			);
			inputPaths = (
				"${PODS_PODFILE_DIR_PATH}/Podfile.lock",
				"${PODS_ROOT}/Manifest.lock",
			);
			name = "[CP] Check Pods Manifest.lock";
			outputFileListPaths = (
			);
			outputPaths = (
				"$(DERIVED_FILE_DIR)/Pods-ExampleMVVMRxSwift-checkManifestLockResult.txt",
			);
			runOnlyForDeploymentPostprocessing = 0;
			shellPath = /bin/sh;
			shellScript = "diff \"${PODS_PODFILE_DIR_PATH}/Podfile.lock\" \"${PODS_ROOT}/Manifest.lock\" > /dev/null\nif [ $? != 0 ] ; then\n    # print error to STDERR\n    echo \"error: The sandbox is not in sync with the Podfile.lock. Run 'pod install' or update your CocoaPods installation.\" >&2\n    exit 1\nfi\n# This output is used by Xcode 'outputs' to avoid re-running this script phase.\necho \"SUCCESS\" > \"${SCRIPT_OUTPUT_FILE_0}\"\n";
			showEnvVarsInLog = 0;
		};
/* End PBXShellScriptBuildPhase section */

/* Begin PBXSourcesBuildPhase section */
		97A7CF08284D407100FA6E78 /* Sources */ = {
			isa = PBXSourcesBuildPhase;
			buildActionMask = 2147483647;
			files = (
				97A7CF14284D407100FA6E78 /* ViewController.swift in Sources */,
				97A7CF10284D407100FA6E78 /* AppDelegate.swift in Sources */,
				97A7CF12284D407100FA6E78 /* SceneDelegate.swift in Sources */,
			);
			runOnlyForDeploymentPostprocessing = 0;
		};
/* End PBXSourcesBuildPhase section */

/* Begin PBXVariantGroup section */
		97A7CF15284D407100FA6E78 /* Main.storyboard */ = {
			isa = PBXVariantGroup;
			children = (
				97A7CF16284D407100FA6E78 /* Base */,
			);
			name = Main.storyboard;
			sourceTree = "<group>";
		};
		97A7CF1A284D407300FA6E78 /* LaunchScreen.storyboard */ = {
			isa = PBXVariantGroup;
			children = (
				97A7CF1B284D407300FA6E78 /* Base */,
			);
			name = LaunchScreen.storyboard;
			sourceTree = "<group>";
		};
/* End PBXVariantGroup section */

/* Begin XCBuildConfiguration section */
		97A7CF1E284D407300FA6E78 /* Debug */ = {
			isa = XCBuildConfiguration;
			buildSettings = {
				ALWAYS_SEARCH_USER_PATHS = NO;
				CLANG_ANALYZER_NONNULL = YES;
				CLANG_ANALYZER_NUMBER_OBJECT_CONVERSION = YES_AGGRESSIVE;
				CLANG_CXX_LANGUAGE_STANDARD = "gnu++17";
				CLANG_ENABLE_MODULES = YES;
				CLANG_ENABLE_OBJC_ARC = YES;
				CLANG_ENABLE_OBJC_WEAK = YES;
				CLANG_WARN_BLOCK_CAPTURE_AUTORELEASING = YES;
				CLANG_WARN_BOOL_CONVERSION = YES;
				CLANG_WARN_COMMA = YES;
				CLANG_WARN_CONSTANT_CONVERSION = YES;
				CLANG_WARN_DEPRECATED_OBJC_IMPLEMENTATIONS = YES;
				CLANG_WARN_DIRECT_OBJC_ISA_USAGE = YES_ERROR;
				CLANG_WARN_DOCUMENTATION_COMMENTS = YES;
				CLANG_WARN_EMPTY_BODY = YES;
				CLANG_WARN_ENUM_CONVERSION = YES;
				CLANG_WARN_INFINITE_RECURSION = YES;
				CLANG_WARN_INT_CONVERSION = YES;
				CLANG_WARN_NON_LITERAL_NULL_CONVERSION = YES;
				CLANG_WARN_OBJC_IMPLICIT_RETAIN_SELF = YES;
				CLANG_WARN_OBJC_LITERAL_CONVERSION = YES;
				CLANG_WARN_OBJC_ROOT_CLASS = YES_ERROR;
				CLANG_WARN_QUOTED_INCLUDE_IN_FRAMEWORK_HEADER = YES;
				CLANG_WARN_RANGE_LOOP_ANALYSIS = YES;
				CLANG_WARN_STRICT_PROTOTYPES = YES;
				CLANG_WARN_SUSPICIOUS_MOVE = YES;
				CLANG_WARN_UNGUARDED_AVAILABILITY = YES_AGGRESSIVE;
				CLANG_WARN_UNREACHABLE_CODE = YES;
				CLANG_WARN__DUPLICATE_METHOD_MATCH = YES;
				COPY_PHASE_STRIP = NO;
				DEBUG_INFORMATION_FORMAT = dwarf;
				ENABLE_STRICT_OBJC_MSGSEND = YES;
				ENABLE_TESTABILITY = YES;
				GCC_C_LANGUAGE_STANDARD = gnu11;
				GCC_DYNAMIC_NO_PIC = NO;
				GCC_NO_COMMON_BLOCKS = YES;
				GCC_OPTIMIZATION_LEVEL = 0;
				GCC_PREPROCESSOR_DEFINITIONS = (
					"DEBUG=1",
					"$(inherited)",
				);
				GCC_WARN_64_TO_32_BIT_CONVERSION = YES;
				GCC_WARN_ABOUT_RETURN_TYPE = YES_ERROR;
				GCC_WARN_UNDECLARED_SELECTOR = YES;
				GCC_WARN_UNINITIALIZED_AUTOS = YES_AGGRESSIVE;
				GCC_WARN_UNUSED_FUNCTION = YES;
				GCC_WARN_UNUSED_VARIABLE = YES;
				IPHONEOS_DEPLOYMENT_TARGET = 15.4;
				MTL_ENABLE_DEBUG_INFO = INCLUDE_SOURCE;
				MTL_FAST_MATH = YES;
				ONLY_ACTIVE_ARCH = YES;
				SDKROOT = iphoneos;
				SWIFT_ACTIVE_COMPILATION_CONDITIONS = DEBUG;
				SWIFT_OPTIMIZATION_LEVEL = "-Onone";
			};
			name = Debug;
		};
		97A7CF1F284D407300FA6E78 /* Release */ = {
			isa = XCBuildConfiguration;
			buildSettings = {
				ALWAYS_SEARCH_USER_PATHS = NO;
				CLANG_ANALYZER_NONNULL = YES;
				CLANG_ANALYZER_NUMBER_OBJECT_CONVERSION = YES_AGGRESSIVE;
				CLANG_CXX_LANGUAGE_STANDARD = "gnu++17";
				CLANG_ENABLE_MODULES = YES;
				CLANG_ENABLE_OBJC_ARC = YES;
				CLANG_ENABLE_OBJC_WEAK = YES;
				CLANG_WARN_BLOCK_CAPTURE_AUTORELEASING = YES;
				CLANG_WARN_BOOL_CONVERSION = YES;
				CLANG_WARN_COMMA = YES;
				CLANG_WARN_CONSTANT_CONVERSION = YES;
				CLANG_WARN_DEPRECATED_OBJC_IMPLEMENTATIONS = YES;
				CLANG_WARN_DIRECT_OBJC_ISA_USAGE = YES_ERROR;
				CLANG_WARN_DOCUMENTATION_COMMENTS = YES;
				CLANG_WARN_EMPTY_BODY = YES;
				CLANG_WARN_ENUM_CONVERSION = YES;
				CLANG_WARN_INFINITE_RECURSION = YES;
				CLANG_WARN_INT_CONVERSION = YES;
				CLANG_WARN_NON_LITERAL_NULL_CONVERSION = YES;
				CLANG_WARN_OBJC_IMPLICIT_RETAIN_SELF = YES;
				CLANG_WARN_OBJC_LITERAL_CONVERSION = YES;
				CLANG_WARN_OBJC_ROOT_CLASS = YES_ERROR;
				CLANG_WARN_QUOTED_INCLUDE_IN_FRAMEWORK_HEADER = YES;
				CLANG_WARN_RANGE_LOOP_ANALYSIS = YES;
				CLANG_WARN_STRICT_PROTOTYPES = YES;
				CLANG_WARN_SUSPICIOUS_MOVE = YES;
				CLANG_WARN_UNGUARDED_AVAILABILITY = YES_AGGRESSIVE;
				CLANG_WARN_UNREACHABLE_CODE = YES;
				CLANG_WARN__DUPLICATE_METHOD_MATCH = YES;
				COPY_PHASE_STRIP = NO;
				DEBUG_INFORMATION_FORMAT = "dwarf-with-dsym";
				ENABLE_NS_ASSERTIONS = NO;
				ENABLE_STRICT_OBJC_MSGSEND = YES;
				GCC_C_LANGUAGE_STANDARD = gnu11;
				GCC_NO_COMMON_BLOCKS = YES;
				GCC_WARN_64_TO_32_BIT_CONVERSION = YES;
				GCC_WARN_ABOUT_RETURN_TYPE = YES_ERROR;
				GCC_WARN_UNDECLARED_SELECTOR = YES;
				GCC_WARN_UNINITIALIZED_AUTOS = YES_AGGRESSIVE;
				GCC_WARN_UNUSED_FUNCTION = YES;
				GCC_WARN_UNUSED_VARIABLE = YES;
				IPHONEOS_DEPLOYMENT_TARGET = 15.4;
				MTL_ENABLE_DEBUG_INFO = NO;
				MTL_FAST_MATH = YES;
				SDKROOT = iphoneos;
				SWIFT_COMPILATION_MODE = wholemodule;
				SWIFT_OPTIMIZATION_LEVEL = "-O";
				VALIDATE_PRODUCT = YES;
			};
			name = Release;
		};
		97A7CF21284D407300FA6E78 /* Debug */ = {
			isa = XCBuildConfiguration;
			baseConfigurationReference = 90D73059DC77C14AAAC49692 /* Pods-ExampleMVVMRxSwift.debug.xcconfig */;
			buildSettings = {
				ASSETCATALOG_COMPILER_APPICON_NAME = AppIcon;
				ASSETCATALOG_COMPILER_GLOBAL_ACCENT_COLOR_NAME = AccentColor;
				CODE_SIGN_STYLE = Automatic;
				CURRENT_PROJECT_VERSION = 1;
				DEVELOPMENT_TEAM = 68FXT4UH73;
				GENERATE_INFOPLIST_FILE = YES;
				INFOPLIST_FILE = ExampleMVVMRxSwift/Info.plist;
				INFOPLIST_KEY_UIApplicationSupportsIndirectInputEvents = YES;
				INFOPLIST_KEY_UILaunchStoryboardName = LaunchScreen;
				INFOPLIST_KEY_UIMainStoryboardFile = Main;
				INFOPLIST_KEY_UISupportedInterfaceOrientations_iPad = "UIInterfaceOrientationPortrait UIInterfaceOrientationPortraitUpsideDown UIInterfaceOrientationLandscapeLeft UIInterfaceOrientationLandscapeRight";
				INFOPLIST_KEY_UISupportedInterfaceOrientations_iPhone = "UIInterfaceOrientationPortrait UIInterfaceOrientationLandscapeLeft UIInterfaceOrientationLandscapeRight";
				LD_RUNPATH_SEARCH_PATHS = (
					"$(inherited)",
					"@executable_path/Frameworks",
				);
				MARKETING_VERSION = 1.0;
				PRODUCT_BUNDLE_IDENTIFIER = com.yegorskikh.ExampleMVVMRxSwift;
				PRODUCT_NAME = "$(TARGET_NAME)";
				SWIFT_EMIT_LOC_STRINGS = YES;
				SWIFT_VERSION = 5.0;
				TARGETED_DEVICE_FAMILY = "1,2";
			};
			name = Debug;
		};
		97A7CF22284D407300FA6E78 /* Release */ = {
			isa = XCBuildConfiguration;
			baseConfigurationReference = 0835D18C8B0A909F6E0D82E4 /* Pods-ExampleMVVMRxSwift.release.xcconfig */;
			buildSettings = {
				ASSETCATALOG_COMPILER_APPICON_NAME = AppIcon;
				ASSETCATALOG_COMPILER_GLOBAL_ACCENT_COLOR_NAME = AccentColor;
				CODE_SIGN_STYLE = Automatic;
				CURRENT_PROJECT_VERSION = 1;
				DEVELOPMENT_TEAM = 68FXT4UH73;
				GENERATE_INFOPLIST_FILE = YES;
				INFOPLIST_FILE = ExampleMVVMRxSwift/Info.plist;
				INFOPLIST_KEY_UIApplicationSupportsIndirectInputEvents = YES;
				INFOPLIST_KEY_UILaunchStoryboardName = LaunchScreen;
				INFOPLIST_KEY_UIMainStoryboardFile = Main;
				INFOPLIST_KEY_UISupportedInterfaceOrientations_iPad = "UIInterfaceOrientationPortrait UIInterfaceOrientationPortraitUpsideDown UIInterfaceOrientationLandscapeLeft UIInterfaceOrientationLandscapeRight";
				INFOPLIST_KEY_UISupportedInterfaceOrientations_iPhone = "UIInterfaceOrientationPortrait UIInterfaceOrientationLandscapeLeft UIInterfaceOrientationLandscapeRight";
				LD_RUNPATH_SEARCH_PATHS = (
					"$(inherited)",
					"@executable_path/Frameworks",
				);
				MARKETING_VERSION = 1.0;
				PRODUCT_BUNDLE_IDENTIFIER = com.yegorskikh.ExampleMVVMRxSwift;
				PRODUCT_NAME = "$(TARGET_NAME)";
				SWIFT_EMIT_LOC_STRINGS = YES;
				SWIFT_VERSION = 5.0;
				TARGETED_DEVICE_FAMILY = "1,2";
			};
			name = Release;
		};
/* End XCBuildConfiguration section */

/* Begin XCConfigurationList section */
		97A7CF07284D407100FA6E78 /* Build configuration list for PBXProject "ExampleMVVMRxSwift" */ = {
			isa = XCConfigurationList;
			buildConfigurations = (
				97A7CF1E284D407300FA6E78 /* Debug */,
				97A7CF1F284D407300FA6E78 /* Release */,
			);
			defaultConfigurationIsVisible = 0;
			defaultConfigurationName = Release;
		};
		97A7CF20284D407300FA6E78 /* Build configuration list for PBXNativeTarget "ExampleMVVMRxSwift" */ = {
			isa = XCConfigurationList;
			buildConfigurations = (
				97A7CF21284D407300FA6E78 /* Debug */,
				97A7CF22284D407300FA6E78 /* Release */,
			);
			defaultConfigurationIsVisible = 0;
			defaultConfigurationName = Release;
		};
/* End XCConfigurationList section */
	};
	rootObject = 97A7CF04284D407100FA6E78 /* Project object */;
}
